PODS:
  - AHTopTabBarViewController (0.1.0)

DEPENDENCIES:
  - AHTopTabBarViewController (from `../`)

EXTERNAL SOURCES:
  AHTopTabBarViewController:
    :path: "../"

SPEC CHECKSUMS:
  AHTopTabBarViewController: 63df4e119d18918c586f11042da560270154489f

PODFILE CHECKSUM: 7953fcb452283c82ea35ab1becdf39745ec8069b

COCOAPODS: 1.5.3
